
Microsoft Visual Studio Solution File, Format Version 12.00
# Visual Studio 15
VisualStudioVersion = 15.0.27004.2008
MinimumVisualStudioVersion = 10.0.40219.1
Project("{8BC9CEB8-8B4A-11D0-8D11-00A0C91BC942}") = "CLibMpiOperations", "CLibMpiOperations\CLibMpiOperations.vcxproj", "{CA68FA60-3E59-48C7-ADEA-1A3E09188365}"
EndProject
Global
	GlobalSection(SolutionConfigurationPlatforms) = preSolution
		Debug|x64 = Debug|x64
		Debug|x86 = Debug|x86
		Release|x64 = Release|x64
		Release|x86 = Release|x86
	EndGlobalSection
	GlobalSection(ProjectConfigurationPlatforms) = postSolution
		{CA68FA60-3E59-48C7-ADEA-1A3E09188365}.Debug|x64.ActiveCfg = Debug|x64
		{CA68FA60-3E59-48C7-ADEA-1A3E09188365}.Debug|x64.Build.0 = Debug|x64
		{CA68FA60-3E59-48C7-ADEA-1A3E09188365}.Debug|x86.ActiveCfg = Debug|Win32
		{CA68FA60-3E59-48C7-ADEA-1A3E09188365}.Debug|x86.Build.0 = Debug|Win32
		{CA68FA60-3E59-48C7-ADEA-1A3E09188365}.Release|x64.ActiveCfg = Release|x64
		{CA68FA60-3E59-48C7-ADEA-1A3E09188365}.Release|x64.Build.0 = Release|x64
		{CA68FA60-3E59-48C7-ADEA-1A3E09188365}.Release|x86.ActiveCfg = Release|Win32
		{CA68FA60-3E59-48C7-ADEA-1A3E09188365}.Release|x86.Build.0 = Release|Win32
	EndGlobalSection
	GlobalSection(SolutionProperties) = preSolution
		HideSolutionNode = FALSE
	EndGlobalSection
	GlobalSection(ExtensibilityGlobals) = postSolution
		SolutionGuid = {277FBE83-9CB3-434F-9E34-A8D0D52521A3}
	EndGlobalSection
EndGlobal
